
Microsoft Visual Studio Solution File, Format Version 12.00
# Visual Studio Version 16
VisualStudioVersion = 16.0.30804.86
MinimumVisualStudioVersion = 10.0.40219.1
Project("{9A19103F-16F7-4668-BE54-9A1E7A4F7556}") = "yash.Data", "yash.Data\yash.Data.csproj", "{D85201CC-486E-4B55-B33C-B86BCBBAACB5}"
EndProject
Project("{9A19103F-16F7-4668-BE54-9A1E7A4F7556}") = "yash.WebApp", "yash.WebApp\yash.WebApp.csproj", "{EC0BFE97-BD3B-4586-A666-D2E3CFF43882}"
EndProject
Project("{9A19103F-16F7-4668-BE54-9A1E7A4F7556}") = "yash.Application", "yash.Application\yash.Application.csproj", "{C90BF854-D548-48A7-8C5E-227658F2532C}"
EndProject
Project("{9A19103F-16F7-4668-BE54-9A1E7A4F7556}") = "yash.WebApi", "yash.WebApi\yash.WebApi.csproj", "{20F2D75B-B172-46A1-BBE6-CE93930E6B93}"
EndProject
Project("{2150E333-8FDC-42A3-9474-1A3956D46DE8}") = "1.Infrastructure", "1.Infrastructure", "{7ACE27FA-F01F-499F-A281-1CC19194A7A2}"
EndProject
Project("{2150E333-8FDC-42A3-9474-1A3956D46DE8}") = "0.Solution Items", "0.Solution Items", "{230EDE78-85C4-4243-AF88-A9EF676145F7}"
	ProjectSection(SolutionItems) = preProject
		README.md = README.md
		run-apps.bat = run-apps.bat
	EndProjectSection
EndProject
Project("{2150E333-8FDC-42A3-9474-1A3956D46DE8}") = "2.Domain", "2.Domain", "{4E6ADB72-66B8-4B87-A43E-85AFED3EEF6F}"
EndProject
Project("{2150E333-8FDC-42A3-9474-1A3956D46DE8}") = "3.Hosts", "3.Hosts", "{8B80FB04-AEB0-48DE-8401-879632FC4C48}"
EndProject
Project("{9A19103F-16F7-4668-BE54-9A1E7A4F7556}") = "yash.AdminApp", "yash.AdminApp\yash.AdminApp.csproj", "{FEA3F400-76B9-41EA-898E-F35DBF2F450A}"
EndProject
Project("{9A19103F-16F7-4668-BE54-9A1E7A4F7556}") = "yash.ViewModels", "yash.ViewModels\yash.ViewModels.csproj", "{FC03863A-7374-4ACA-AE6C-6857EE9A4BF2}"
EndProject
Project("{9A19103F-16F7-4668-BE54-9A1E7A4F7556}") = "yash.Utilities", "yash.Utilities\yash.Utilities.csproj", "{C9CD752B-5CB7-4A9C-B0BD-3F9F86A64F2F}"
EndProject
Global
	GlobalSection(SolutionConfigurationPlatforms) = preSolution
		Debug|Any CPU = Debug|Any CPU
		Release|Any CPU = Release|Any CPU
	EndGlobalSection
	GlobalSection(ProjectConfigurationPlatforms) = postSolution
		{D85201CC-486E-4B55-B33C-B86BCBBAACB5}.Debug|Any CPU.ActiveCfg = Debug|Any CPU
		{D85201CC-486E-4B55-B33C-B86BCBBAACB5}.Debug|Any CPU.Build.0 = Debug|Any CPU
		{D85201CC-486E-4B55-B33C-B86BCBBAACB5}.Release|Any CPU.ActiveCfg = Release|Any CPU
		{D85201CC-486E-4B55-B33C-B86BCBBAACB5}.Release|Any CPU.Build.0 = Release|Any CPU
		{EC0BFE97-BD3B-4586-A666-D2E3CFF43882}.Debug|Any CPU.ActiveCfg = Debug|Any CPU
		{EC0BFE97-BD3B-4586-A666-D2E3CFF43882}.Debug|Any CPU.Build.0 = Debug|Any CPU
		{EC0BFE97-BD3B-4586-A666-D2E3CFF43882}.Release|Any CPU.ActiveCfg = Release|Any CPU
		{EC0BFE97-BD3B-4586-A666-D2E3CFF43882}.Release|Any CPU.Build.0 = Release|Any CPU
		{C90BF854-D548-48A7-8C5E-227658F2532C}.Debug|Any CPU.ActiveCfg = Debug|Any CPU
		{C90BF854-D548-48A7-8C5E-227658F2532C}.Debug|Any CPU.Build.0 = Debug|Any CPU
		{C90BF854-D548-48A7-8C5E-227658F2532C}.Release|Any CPU.ActiveCfg = Release|Any CPU
		{C90BF854-D548-48A7-8C5E-227658F2532C}.Release|Any CPU.Build.0 = Release|Any CPU
		{20F2D75B-B172-46A1-BBE6-CE93930E6B93}.Debug|Any CPU.ActiveCfg = Debug|Any CPU
		{20F2D75B-B172-46A1-BBE6-CE93930E6B93}.Debug|Any CPU.Build.0 = Debug|Any CPU
		{20F2D75B-B172-46A1-BBE6-CE93930E6B93}.Release|Any CPU.ActiveCfg = Release|Any CPU
		{20F2D75B-B172-46A1-BBE6-CE93930E6B93}.Release|Any CPU.Build.0 = Release|Any CPU
		{FEA3F400-76B9-41EA-898E-F35DBF2F450A}.Debug|Any CPU.ActiveCfg = Debug|Any CPU
		{FEA3F400-76B9-41EA-898E-F35DBF2F450A}.Debug|Any CPU.Build.0 = Debug|Any CPU
		{FEA3F400-76B9-41EA-898E-F35DBF2F450A}.Release|Any CPU.ActiveCfg = Release|Any CPU
		{FEA3F400-76B9-41EA-898E-F35DBF2F450A}.Release|Any CPU.Build.0 = Release|Any CPU
		{FC03863A-7374-4ACA-AE6C-6857EE9A4BF2}.Debug|Any CPU.ActiveCfg = Debug|Any CPU
		{FC03863A-7374-4ACA-AE6C-6857EE9A4BF2}.Debug|Any CPU.Build.0 = Debug|Any CPU
		{FC03863A-7374-4ACA-AE6C-6857EE9A4BF2}.Release|Any CPU.ActiveCfg = Release|Any CPU
		{FC03863A-7374-4ACA-AE6C-6857EE9A4BF2}.Release|Any CPU.Build.0 = Release|Any CPU
		{C9CD752B-5CB7-4A9C-B0BD-3F9F86A64F2F}.Debug|Any CPU.ActiveCfg = Debug|Any CPU
		{C9CD752B-5CB7-4A9C-B0BD-3F9F86A64F2F}.Debug|Any CPU.Build.0 = Debug|Any CPU
		{C9CD752B-5CB7-4A9C-B0BD-3F9F86A64F2F}.Release|Any CPU.ActiveCfg = Release|Any CPU
		{C9CD752B-5CB7-4A9C-B0BD-3F9F86A64F2F}.Release|Any CPU.Build.0 = Release|Any CPU
	EndGlobalSection
	GlobalSection(SolutionProperties) = preSolution
		HideSolutionNode = FALSE
	EndGlobalSection
	GlobalSection(NestedProjects) = preSolution
		{D85201CC-486E-4B55-B33C-B86BCBBAACB5} = {4E6ADB72-66B8-4B87-A43E-85AFED3EEF6F}
		{EC0BFE97-BD3B-4586-A666-D2E3CFF43882} = {8B80FB04-AEB0-48DE-8401-879632FC4C48}
		{C90BF854-D548-48A7-8C5E-227658F2532C} = {4E6ADB72-66B8-4B87-A43E-85AFED3EEF6F}
		{20F2D75B-B172-46A1-BBE6-CE93930E6B93} = {8B80FB04-AEB0-48DE-8401-879632FC4C48}
		{FEA3F400-76B9-41EA-898E-F35DBF2F450A} = {8B80FB04-AEB0-48DE-8401-879632FC4C48}
		{FC03863A-7374-4ACA-AE6C-6857EE9A4BF2} = {7ACE27FA-F01F-499F-A281-1CC19194A7A2}
		{C9CD752B-5CB7-4A9C-B0BD-3F9F86A64F2F} = {7ACE27FA-F01F-499F-A281-1CC19194A7A2}
	EndGlobalSection
	GlobalSection(ExtensibilityGlobals) = postSolution
		SolutionGuid = {9BC9CD27-6D98-4F80-A29F-657525AD4EA4}
	EndGlobalSection
EndGlobal
